// !$*UTF8*$!
{
	archiveVersion = 1;
	classes = {
	};
	objectVersion = 50;
	objects = {

/* Begin PBXBuildFile section */
		FC93E4822622B6BF00285FF7 /* AppDelegate.swift in Sources */ = {isa = PBXBuildFile; fileRef = FC93E4812622B6BF00285FF7 /* AppDelegate.swift */; };
		FC93E4842622B6BF00285FF7 /* SceneDelegate.swift in Sources */ = {isa = PBXBuildFile; fileRef = FC93E4832622B6BF00285FF7 /* SceneDelegate.swift */; };
		FC93E4862622B6BF00285FF7 /* ViewController.swift in Sources */ = {isa = PBXBuildFile; fileRef = FC93E4852622B6BF00285FF7 /* ViewController.swift */; };
		FC93E4892622B6BF00285FF7 /* Main.storyboard in Resources */ = {isa = PBXBuildFile; fileRef = FC93E4872622B6BF00285FF7 /* Main.storyboard */; };
		FC93E48B2622B6C000285FF7 /* Assets.xcassets in Resources */ = {isa = PBXBuildFile; fileRef = FC93E48A2622B6C000285FF7 /* Assets.xcassets */; };
		FC93E48E2622B6C000285FF7 /* LaunchScreen.storyboard in Resources */ = {isa = PBXBuildFile; fileRef = FC93E48C2622B6C000285FF7 /* LaunchScreen.storyboard */; };
		FC93E49F2623621E00285FF7 /* ProgressBar.swift in Sources */ = {isa = PBXBuildFile; fileRef = FC93E49D2623621E00285FF7 /* ProgressBar.swift */; };
		FC93E4A02623621E00285FF7 /* Timer.swift in Sources */ = {isa = PBXBuildFile; fileRef = FC93E49E2623621E00285FF7 /* Timer.swift */; };
		FCF09C3A28127D9C00C45C4A /* TestBranch.swift in Sources */ = {isa = PBXBuildFile; fileRef = FCF09C3928127D9C00C45C4A /* TestBranch.swift */; };
/* End PBXBuildFile section */

/* Begin PBXFileReference section */
		FC93E47E2622B6BF00285FF7 /* xcode_NC2.app */ = {isa = PBXFileReference; explicitFileType = wrapper.application; includeInIndex = 0; path = xcode_NC2.app; sourceTree = BUILT_PRODUCTS_DIR; };
		FC93E4812622B6BF00285FF7 /* AppDelegate.swift */ = {isa = PBXFileReference; lastKnownFileType = sourcecode.swift; path = AppDelegate.swift; sourceTree = "<group>"; };
		FC93E4832622B6BF00285FF7 /* SceneDelegate.swift */ = {isa = PBXFileReference; lastKnownFileType = sourcecode.swift; path = SceneDelegate.swift; sourceTree = "<group>"; };
		FC93E4852622B6BF00285FF7 /* ViewController.swift */ = {isa = PBXFileReference; lastKnownFileType = sourcecode.swift; path = ViewController.swift; sourceTree = "<group>"; };
		FC93E4882622B6BF00285FF7 /* Base */ = {isa = PBXFileReference; lastKnownFileType = file.storyboard; name = Base; path = Base.lproj/Main.storyboard; sourceTree = "<group>"; };
		FC93E48A2622B6C000285FF7 /* Assets.xcassets */ = {isa = PBXFileReference; lastKnownFileType = folder.assetcatalog; path = Assets.xcassets; sourceTree = "<group>"; };
		FC93E48D2622B6C000285FF7 /* Base */ = {isa = PBXFileReference; lastKnownFileType = file.storyboard; name = Base; path = Base.lproj/LaunchScreen.storyboard; sourceTree = "<group>"; };
		FC93E48F2622B6C000285FF7 /* Info.plist */ = {isa = PBXFileReference; lastKnownFileType = text.plist.xml; path = Info.plist; sourceTree = "<group>"; };
		FC93E49D2623621E00285FF7 /* ProgressBar.swift */ = {isa = PBXFileReference; fileEncoding = 4; lastKnownFileType = sourcecode.swift; name = ProgressBar.swift; path = "../../../Downloads/customprogressbar-master/CustomProgressBar/ProgressBar.swift"; sourceTree = "<group>"; };
		FC93E49E2623621E00285FF7 /* Timer.swift */ = {isa = PBXFileReference; fileEncoding = 4; lastKnownFileType = sourcecode.swift; name = Timer.swift; path = "../../../Downloads/customprogressbar-master/CustomProgressBar/Timer.swift"; sourceTree = "<group>"; };
		FCF09C3928127D9C00C45C4A /* TestBranch.swift */ = {isa = PBXFileReference; lastKnownFileType = sourcecode.swift; path = TestBranch.swift; sourceTree = "<group>"; };
/* End PBXFileReference section */

/* Begin PBXFrameworksBuildPhase section */
		FC93E47B2622B6BF00285FF7 /* Frameworks */ = {
			isa = PBXFrameworksBuildPhase;
			buildActionMask = 2147483647;
			files = (
			);
			runOnlyForDeploymentPostprocessing = 0;
		};
/* End PBXFrameworksBuildPhase section */

/* Begin PBXGroup section */
		FC93E4752622B6BF00285FF7 = {
			isa = PBXGroup;
			children = (
				FC93E4802622B6BF00285FF7 /* xcode_NC2 */,
				FC93E47F2622B6BF00285FF7 /* Products */,
			);
			sourceTree = "<group>";
		};
		FC93E47F2622B6BF00285FF7 /* Products */ = {
			isa = PBXGroup;
			children = (
				FC93E47E2622B6BF00285FF7 /* xcode_NC2.app */,
			);
			name = Products;
			sourceTree = "<group>";
		};
		FC93E4802622B6BF00285FF7 /* xcode_NC2 */ = {
			isa = PBXGroup;
			children = (
				FC93E4812622B6BF00285FF7 /* AppDelegate.swift */,
				FC93E4832622B6BF00285FF7 /* SceneDelegate.swift */,
				FC93E4852622B6BF00285FF7 /* ViewController.swift */,
				FC93E4872622B6BF00285FF7 /* Main.storyboard */,
				FC93E48A2622B6C000285FF7 /* Assets.xcassets */,
				FC93E49D2623621E00285FF7 /* ProgressBar.swift */,
				FC93E49E2623621E00285FF7 /* Timer.swift */,
				FC93E48C2622B6C000285FF7 /* LaunchScreen.storyboard */,
				FC93E48F2622B6C000285FF7 /* Info.plist */,
				FCF09C3928127D9C00C45C4A /* TestBranch.swift */,
			);
			path = xcode_NC2;
			sourceTree = "<group>";
		};
/* End PBXGroup section */

/* Begin PBXNativeTarget section */
		FC93E47D2622B6BF00285FF7 /* xcode_NC2 */ = {
			isa = PBXNativeTarget;
			buildConfigurationList = FC93E4922622B6C000285FF7 /* Build configuration list for PBXNativeTarget "xcode_NC2" */;
			buildPhases = (
				FC93E47A2622B6BF00285FF7 /* Sources */,
				FC93E47B2622B6BF00285FF7 /* Frameworks */,
				FC93E47C2622B6BF00285FF7 /* Resources */,
			);
			buildRules = (
			);
			dependencies = (
			);
			name = xcode_NC2;
			productName = xcode_NC2;
			productReference = FC93E47E2622B6BF00285FF7 /* xcode_NC2.app */;
			productType = "com.apple.product-type.application";
		};
/* End PBXNativeTarget section */

/* Begin PBXProject section */
		FC93E4762622B6BF00285FF7 /* Project object */ = {
			isa = PBXProject;
			attributes = {
				LastSwiftUpdateCheck = 1240;
				LastUpgradeCheck = 1240;
				TargetAttributes = {
					FC93E47D2622B6BF00285FF7 = {
						CreatedOnToolsVersion = 12.4;
					};
				};
			};
			buildConfigurationList = FC93E4792622B6BF00285FF7 /* Build configuration list for PBXProject "xcode_NC2" */;
			compatibilityVersion = "Xcode 9.3";
			developmentRegion = en;
			hasScannedForEncodings = 0;
			knownRegions = (
				en,
				Base,
			);
			mainGroup = FC93E4752622B6BF00285FF7;
			productRefGroup = FC93E47F2622B6BF00285FF7 /* Products */;
			projectDirPath = "";
			projectRoot = "";
			targets = (
				FC93E47D2622B6BF00285FF7 /* xcode_NC2 */,
			);
		};
/* End PBXProject section */

/* Begin PBXResourcesBuildPhase section */
		FC93E47C2622B6BF00285FF7 /* Resources */ = {
			isa = PBXResourcesBuildPhase;
			buildActionMask = 2147483647;
			files = (
				FC93E48E2622B6C000285FF7 /* LaunchScreen.storyboard in Resources */,
				FC93E48B2622B6C000285FF7 /* Assets.xcassets in Resources */,
				FC93E4892622B6BF00285FF7 /* Main.storyboard in Resources */,
			);
			runOnlyForDeploymentPostprocessing = 0;
		};
/* End PBXResourcesBuildPhase section */

/* Begin PBXSourcesBuildPhase section */
		FC93E47A2622B6BF00285FF7 /* Sources */ = {
			isa = PBXSourcesBuildPhase;
			buildActionMask = 2147483647;
			files = (
				FC93E4862622B6BF00285FF7 /* ViewController.swift in Sources */,
				FC93E4822622B6BF00285FF7 /* AppDelegate.swift in Sources */,
				FC93E49F2623621E00285FF7 /* ProgressBar.swift in Sources */,
				FC93E4A02623621E00285FF7 /* Timer.swift in Sources */,
				FC93E4842622B6BF00285FF7 /* SceneDelegate.swift in Sources */,
				FCF09C3A28127D9C00C45C4A /* TestBranch.swift in Sources */,
			);
			runOnlyForDeploymentPostprocessing = 0;
		};
/* End PBXSourcesBuildPhase section */

/* Begin PBXVariantGroup section */
		FC93E4872622B6BF00285FF7 /* Main.storyboard */ = {
			isa = PBXVariantGroup;
			children = (
				FC93E4882622B6BF00285FF7 /* Base */,
			);
			name = Main.storyboard;
			sourceTree = "<group>";
			usesTabs = 0;
		};
		FC93E48C2622B6C000285FF7 /* LaunchScreen.storyboard */ = {
			isa = PBXVariantGroup;
			children = (
				FC93E48D2622B6C000285FF7 /* Base */,
			);
			name = LaunchScreen.storyboard;
			sourceTree = "<group>";
		};
/* End PBXVariantGroup section */

/* Begin XCBuildConfiguration section */
		FC93E4902622B6C000285FF7 /* Debug */ = {
			isa = XCBuildConfiguration;
			buildSettings = {
				ALWAYS_SEARCH_USER_PATHS = NO;
				CLANG_ANALYZER_NONNULL = YES;
				CLANG_ANALYZER_NUMBER_OBJECT_CONVERSION = YES_AGGRESSIVE;
				CLANG_CXX_LANGUAGE_STANDARD = "gnu++14";
				CLANG_CXX_LIBRARY = "libc++";
				CLANG_ENABLE_MODULES = YES;
				CLANG_ENABLE_OBJC_ARC = YES;
				CLANG_ENABLE_OBJC_WEAK = YES;
				CLANG_WARN_BLOCK_CAPTURE_AUTORELEASING = YES;
				CLANG_WARN_BOOL_CONVERSION = YES;
				CLANG_WARN_COMMA = YES;
				CLANG_WARN_CONSTANT_CONVERSION = YES;
				CLANG_WARN_DEPRECATED_OBJC_IMPLEMENTATIONS = YES;
				CLANG_WARN_DIRECT_OBJC_ISA_USAGE = YES_ERROR;
				CLANG_WARN_DOCUMENTATION_COMMENTS = YES;
				CLANG_WARN_EMPTY_BODY = YES;
				CLANG_WARN_ENUM_CONVERSION = YES;
				CLANG_WARN_INFINITE_RECURSION = YES;
				CLANG_WARN_INT_CONVERSION = YES;
				CLANG_WARN_NON_LITERAL_NULL_CONVERSION = YES;
				CLANG_WARN_OBJC_IMPLICIT_RETAIN_SELF = YES;
				CLANG_WARN_OBJC_LITERAL_CONVERSION = YES;
				CLANG_WARN_OBJC_ROOT_CLASS = YES_ERROR;
				CLANG_WARN_QUOTED_INCLUDE_IN_FRAMEWORK_HEADER = YES;
				CLANG_WARN_RANGE_LOOP_ANALYSIS = YES;
				CLANG_WARN_STRICT_PROTOTYPES = YES;
				CLANG_WARN_SUSPICIOUS_MOVE = YES;
				CLANG_WARN_UNGUARDED_AVAILABILITY = YES_AGGRESSIVE;
				CLANG_WARN_UNREACHABLE_CODE = YES;
				CLANG_WARN__DUPLICATE_METHOD_MATCH = YES;
				COPY_PHASE_STRIP = NO;
				DEBUG_INFORMATION_FORMAT = dwarf;
				ENABLE_STRICT_OBJC_MSGSEND = YES;
				ENABLE_TESTABILITY = YES;
				GCC_C_LANGUAGE_STANDARD = gnu11;
				GCC_DYNAMIC_NO_PIC = NO;
				GCC_NO_COMMON_BLOCKS = YES;
				GCC_OPTIMIZATION_LEVEL = 0;
				GCC_PREPROCESSOR_DEFINITIONS = (
					"DEBUG=1",
					"$(inherited)",
				);
				GCC_WARN_64_TO_32_BIT_CONVERSION = YES;
				GCC_WARN_ABOUT_RETURN_TYPE = YES_ERROR;
				GCC_WARN_UNDECLARED_SELECTOR = YES;
				GCC_WARN_UNINITIALIZED_AUTOS = YES_AGGRESSIVE;
				GCC_WARN_UNUSED_FUNCTION = YES;
				GCC_WARN_UNUSED_VARIABLE = YES;
				IPHONEOS_DEPLOYMENT_TARGET = 14.4;
				MTL_ENABLE_DEBUG_INFO = INCLUDE_SOURCE;
				MTL_FAST_MATH = YES;
				ONLY_ACTIVE_ARCH = YES;
				SDKROOT = iphoneos;
				SWIFT_ACTIVE_COMPILATION_CONDITIONS = DEBUG;
				SWIFT_OPTIMIZATION_LEVEL = "-Onone";
			};
			name = Debug;
		};
		FC93E4912622B6C000285FF7 /* Release */ = {
			isa = XCBuildConfiguration;
			buildSettings = {
				ALWAYS_SEARCH_USER_PATHS = NO;
				CLANG_ANALYZER_NONNULL = YES;
				CLANG_ANALYZER_NUMBER_OBJECT_CONVERSION = YES_AGGRESSIVE;
				CLANG_CXX_LANGUAGE_STANDARD = "gnu++14";
				CLANG_CXX_LIBRARY = "libc++";
				CLANG_ENABLE_MODULES = YES;
				CLANG_ENABLE_OBJC_ARC = YES;
				CLANG_ENABLE_OBJC_WEAK = YES;
				CLANG_WARN_BLOCK_CAPTURE_AUTORELEASING = YES;
				CLANG_WARN_BOOL_CONVERSION = YES;
				CLANG_WARN_COMMA = YES;
				CLANG_WARN_CONSTANT_CONVERSION = YES;
				CLANG_WARN_DEPRECATED_OBJC_IMPLEMENTATIONS = YES;
				CLANG_WARN_DIRECT_OBJC_ISA_USAGE = YES_ERROR;
				CLANG_WARN_DOCUMENTATION_COMMENTS = YES;
				CLANG_WARN_EMPTY_BODY = YES;
				CLANG_WARN_ENUM_CONVERSION = YES;
				CLANG_WARN_INFINITE_RECURSION = YES;
				CLANG_WARN_INT_CONVERSION = YES;
				CLANG_WARN_NON_LITERAL_NULL_CONVERSION = YES;
				CLANG_WARN_OBJC_IMPLICIT_RETAIN_SELF = YES;
				CLANG_WARN_OBJC_LITERAL_CONVERSION = YES;
				CLANG_WARN_OBJC_ROOT_CLASS = YES_ERROR;
				CLANG_WARN_QUOTED_INCLUDE_IN_FRAMEWORK_HEADER = YES;
				CLANG_WARN_RANGE_LOOP_ANALYSIS = YES;
				CLANG_WARN_STRICT_PROTOTYPES = YES;
				CLANG_WARN_SUSPICIOUS_MOVE = YES;
				CLANG_WARN_UNGUARDED_AVAILABILITY = YES_AGGRESSIVE;
				CLANG_WARN_UNREACHABLE_CODE = YES;
				CLANG_WARN__DUPLICATE_METHOD_MATCH = YES;
				COPY_PHASE_STRIP = NO;
				DEBUG_INFORMATION_FORMAT = "dwarf-with-dsym";
				ENABLE_NS_ASSERTIONS = NO;
				ENABLE_STRICT_OBJC_MSGSEND = YES;
				GCC_C_LANGUAGE_STANDARD = gnu11;
				GCC_NO_COMMON_BLOCKS = YES;
				GCC_WARN_64_TO_32_BIT_CONVERSION = YES;
				GCC_WARN_ABOUT_RETURN_TYPE = YES_ERROR;
				GCC_WARN_UNDECLARED_SELECTOR = YES;
				GCC_WARN_UNINITIALIZED_AUTOS = YES_AGGRESSIVE;
				GCC_WARN_UNUSED_FUNCTION = YES;
				GCC_WARN_UNUSED_VARIABLE = YES;
				IPHONEOS_DEPLOYMENT_TARGET = 14.4;
				MTL_ENABLE_DEBUG_INFO = NO;
				MTL_FAST_MATH = YES;
				SDKROOT = iphoneos;
				SWIFT_COMPILATION_MODE = wholemodule;
				SWIFT_OPTIMIZATION_LEVEL = "-O";
				VALIDATE_PRODUCT = YES;
			};
			name = Release;
		};
		FC93E4932622B6C000285FF7 /* Debug */ = {
			isa = XCBuildConfiguration;
			buildSettings = {
				ASSETCATALOG_COMPILER_APPICON_NAME = AppIcon;
				ASSETCATALOG_COMPILER_GLOBAL_ACCENT_COLOR_NAME = AccentColor;
				CODE_SIGN_STYLE = Automatic;
				DEVELOPMENT_TEAM = MLZKZN4PHZ;
				INFOPLIST_FILE = xcode_NC2/Info.plist;
				LD_RUNPATH_SEARCH_PATHS = (
					"$(inherited)",
					"@executable_path/Frameworks",
				);
				PRODUCT_BUNDLE_IDENTIFIER = "id.infiitelearning.xcode-NC2";
				PRODUCT_NAME = "$(TARGET_NAME)";
				SWIFT_VERSION = 5.0;
				TARGETED_DEVICE_FAMILY = "1,2";
			};
			name = Debug;
		};
		FC93E4942622B6C000285FF7 /* Release */ = {
			isa = XCBuildConfiguration;
			buildSettings = {
				ASSETCATALOG_COMPILER_APPICON_NAME = AppIcon;
				ASSETCATALOG_COMPILER_GLOBAL_ACCENT_COLOR_NAME = AccentColor;
				CODE_SIGN_STYLE = Automatic;
				DEVELOPMENT_TEAM = MLZKZN4PHZ;
				INFOPLIST_FILE = xcode_NC2/Info.plist;
				LD_RUNPATH_SEARCH_PATHS = (
					"$(inherited)",
					"@executable_path/Frameworks",
				);
				PRODUCT_BUNDLE_IDENTIFIER = "id.infiitelearning.xcode-NC2";
				PRODUCT_NAME = "$(TARGET_NAME)";
				SWIFT_VERSION = 5.0;
				TARGETED_DEVICE_FAMILY = "1,2";
			};
			name = Release;
		};
/* End XCBuildConfiguration section */

/* Begin XCConfigurationList section */
		FC93E4792622B6BF00285FF7 /* Build configuration list for PBXProject "xcode_NC2" */ = {
			isa = XCConfigurationList;
			buildConfigurations = (
				FC93E4902622B6C000285FF7 /* Debug */,
				FC93E4912622B6C000285FF7 /* Release */,
			);
			defaultConfigurationIsVisible = 0;
			defaultConfigurationName = Release;
		};
		FC93E4922622B6C000285FF7 /* Build configuration list for PBXNativeTarget "xcode_NC2" */ = {
			isa = XCConfigurationList;
			buildConfigurations = (
				FC93E4932622B6C000285FF7 /* Debug */,
				FC93E4942622B6C000285FF7 /* Release */,
			);
			defaultConfigurationIsVisible = 0;
			defaultConfigurationName = Release;
		};
/* End XCConfigurationList section */
	};
	rootObject = FC93E4762622B6BF00285FF7 /* Project object */;
}
